# THIS IS AN AUTOGENERATED FILE. DO NOT EDIT THIS FILE DIRECTLY.
# yarn lockfile v1


cec-controller@^1.4.0:
  version "1.4.0"
  resolved "https://registry.yarnpkg.com/cec-controller/-/cec-controller-1.4.0.tgz#d1afcf99c2c6d440300ed339956ea8e413c0b1ac"
  integrity sha512-ymCAKbZmXQNOate0TG/7gms1bMkY9rrN4SwruKrvDUwYT+CbXlPvlu94lFl8+8Xe7MhkszzJAGdHCgKkOHjhyg==
  dependencies:
    debug "^4.1.1"

debounce@^1.2.0:
  version "1.2.0"
  resolved "https://registry.yarnpkg.com/debounce/-/debounce-1.2.0.tgz#44a540abc0ea9943018dc0eaa95cce87f65cd131"
  integrity sha512-mYtLl1xfZLi1m4RtQYlZgJUNQjl4ZxVnHzIR8nLLgi4q1YT8o/WM+MK/f8yfcc9s5Ir5zRaPZyZU6xs1Syoocg==

debug@^4.1.1:
  version "4.1.1"
  resolved "https://registry.yarnpkg.com/debug/-/debug-4.1.1.tgz#3b72260255109c6b589cee050f1d516139664791"
  integrity sha512-pYAIzeRo8J6KPEaJ0VWOh5Pzkbw/RetuzehGM7QRRX5he4fPHx2rdKMB256ehJCkX+XRQm16eZLqLNS8RSZXZw==
  dependencies:
    ms "^2.1.1"

lirc-client@^2.0.0:
  version "2.0.0"
  resolved "https://registry.yarnpkg.com/lirc-client/-/lirc-client-2.0.0.tgz#f96289d1d4dd398a84b0a553e1c1361ad497d798"
  integrity sha1-+WKJ0dTdOYqEsKVT4cE2GtSX15g=

ms@^2.1.1:
  version "2.1.2"
  resolved "https://registry.yarnpkg.com/ms/-/ms-2.1.2.tgz#d09d1f357b443f493382a8eb3ccd183872ae6009"
  integrity sha512-sGkPx+VjMtmA6MX27oA4FBFELFCZZ4S4XqeGOXCv68tT+jb3vk/RyaKWP0PTKyWtmLSM0b+adUTEvbs1PEaH2w==
