# THIS IS AN AUTOGENERATED FILE. DO NOT EDIT THIS FILE DIRECTLY.
# yarn lockfile v1


"@senzil/cec-monitor@^2.1.0":
  version "2.1.0"
  resolved "https://registry.yarnpkg.com/@senzil/cec-monitor/-/cec-monitor-2.1.0.tgz#e8a118bb64eb2a9acb202eb03e70c71301f985be"
  integrity sha512-Owcd/wrac0n79uTC6QsHaLpeRon+b30sBiFBcLFUzZjZLthgDNYWpuRg+A1gMPCDGgvy56rMW2GTunfTbf9Qlg==
  dependencies:
    deasync "^0.1.14"
    death "^1.1.0"
    event-stream "^4.0.1"

bindings@^1.5.0:
  version "1.5.0"
  resolved "https://registry.yarnpkg.com/bindings/-/bindings-1.5.0.tgz#10353c9e945334bc0511a6d90b38fbc7c9c504df"
  integrity sha512-p2q/t/mhvuOj/UeLlV6566GD/guowlr0hHxClI0W9m7MWYkL1F0hLo+0Aexs9HSPCtR1SXQ0TD3MMKrXZajbiQ==
  dependencies:
    file-uri-to-path "1.0.0"

deasync@^0.1.14:
  version "0.1.19"
  resolved "https://registry.yarnpkg.com/deasync/-/deasync-0.1.19.tgz#e7ea89fcc9ad483367e8a48fe78f508ca86286e8"
  integrity sha512-oh3MRktfnPlLysCPpBpKZZzb4cUC/p0aA3SyRGp15lN30juJBTo/CiD0d4fR+f1kBtUQoJj1NE9RPNWQ7BQ9Mg==
  dependencies:
    bindings "^1.5.0"
    node-addon-api "^1.7.1"

death@^1.1.0:
  version "1.1.0"
  resolved "https://registry.yarnpkg.com/death/-/death-1.1.0.tgz#01aa9c401edd92750514470b8266390c66c67318"
  integrity sha1-AaqcQB7dknUFFEcLgmY5DGbGcxg=

duplexer@^0.1.1, duplexer@~0.1.1:
  version "0.1.1"
  resolved "https://registry.yarnpkg.com/duplexer/-/duplexer-0.1.1.tgz#ace6ff808c1ce66b57d1ebf97977acb02334cfc1"
  integrity sha1-rOb/gIwc5mtX0ev5eXessCM0z8E=

event-stream@^4.0.1:
  version "4.0.1"
  resolved "https://registry.yarnpkg.com/event-stream/-/event-stream-4.0.1.tgz#4092808ec995d0dd75ea4580c1df6a74db2cde65"
  integrity sha512-qACXdu/9VHPBzcyhdOWR5/IahhGMf0roTeZJfzz077GwylcDd90yOHLouhmv7GJ5XzPi6ekaQWd8AvPP2nOvpA==
  dependencies:
    duplexer "^0.1.1"
    from "^0.1.7"
    map-stream "0.0.7"
    pause-stream "^0.0.11"
    split "^1.0.1"
    stream-combiner "^0.2.2"
    through "^2.3.8"

file-uri-to-path@1.0.0:
  version "1.0.0"
  resolved "https://registry.yarnpkg.com/file-uri-to-path/-/file-uri-to-path-1.0.0.tgz#553a7b8446ff6f684359c445f1e37a05dacc33dd"
  integrity sha512-0Zt+s3L7Vf1biwWZ29aARiVYLx7iMGnEUl9x33fbB/j3jR81u/O2LbqK+Bm1CDSNDKVtJ/YjwY7TUd5SkeLQLw==

from@^0.1.7:
  version "0.1.7"
  resolved "https://registry.yarnpkg.com/from/-/from-0.1.7.tgz#83c60afc58b9c56997007ed1a768b3ab303a44fe"
  integrity sha1-g8YK/Fi5xWmXAH7Rp2izqzA6RP4=

lirc-client@^2.0.0:
  version "2.0.0"
  resolved "https://registry.yarnpkg.com/lirc-client/-/lirc-client-2.0.0.tgz#f96289d1d4dd398a84b0a553e1c1361ad497d798"
  integrity sha1-+WKJ0dTdOYqEsKVT4cE2GtSX15g=

map-stream@0.0.7:
  version "0.0.7"
  resolved "https://registry.yarnpkg.com/map-stream/-/map-stream-0.0.7.tgz#8a1f07896d82b10926bd3744a2420009f88974a8"
  integrity sha1-ih8HiW2CsQkmvTdEokIACfiJdKg=

node-addon-api@^1.7.1:
  version "1.7.1"
  resolved "https://registry.yarnpkg.com/node-addon-api/-/node-addon-api-1.7.1.tgz#cf813cd69bb8d9100f6bdca6755fc268f54ac492"
  integrity sha512-2+DuKodWvwRTrCfKOeR24KIc5unKjOh8mz17NCzVnHWfjAdDqbfbjqh7gUT+BkXBRQM52+xCHciKWonJ3CbJMQ==

pause-stream@^0.0.11:
  version "0.0.11"
  resolved "https://registry.yarnpkg.com/pause-stream/-/pause-stream-0.0.11.tgz#fe5a34b0cbce12b5aa6a2b403ee2e73b602f1445"
  integrity sha1-/lo0sMvOErWqaitAPuLnO2AvFEU=
  dependencies:
    through "~2.3"

split@^1.0.1:
  version "1.0.1"
  resolved "https://registry.yarnpkg.com/split/-/split-1.0.1.tgz#605bd9be303aa59fb35f9229fbea0ddec9ea07d9"
  integrity sha512-mTyOoPbrivtXnwnIxZRFYRrPNtEFKlpB2fvjSnCQUiAA6qAZzqwna5envK4uk6OIeP17CsdF3rSBGYVBsU0Tkg==
  dependencies:
    through "2"

stream-combiner@^0.2.2:
  version "0.2.2"
  resolved "https://registry.yarnpkg.com/stream-combiner/-/stream-combiner-0.2.2.tgz#aec8cbac177b56b6f4fa479ced8c1912cee52858"
  integrity sha1-rsjLrBd7Vrb0+kec7YwZEs7lKFg=
  dependencies:
    duplexer "~0.1.1"
    through "~2.3.4"

through@2, through@^2.3.8, through@~2.3, through@~2.3.4:
  version "2.3.8"
  resolved "https://registry.yarnpkg.com/through/-/through-2.3.8.tgz#0dd4c9ffaabc357960b1b724115d7e0e86a2e1f5"
  integrity sha1-DdTJ/6q8NXlgsbckEV1+Doai4fU=
